
Microsoft Visual Studio Solution File, Format Version 12.00
# Visual Studio Version 17
VisualStudioVersion = 17.9.34607.119
MinimumVisualStudioVersion = 10.0.40219.1
Project("{FAE04EC0-301F-11D3-BF4B-00C04F79EFBC}") = "SocialSecurityNumber", "SocialSecurityNumber.csproj", "{993CA5C3-79EE-4DE4-9102-4C994F565B65}"
EndProject
Global
	GlobalSection(SolutionConfigurationPlatforms) = preSolution
		Debug|Any CPU = Debug|Any CPU
		Release|Any CPU = Release|Any CPU
	EndGlobalSection
	GlobalSection(ProjectConfigurationPlatforms) = postSolution
		{993CA5C3-79EE-4DE4-9102-4C994F565B65}.Debug|Any CPU.ActiveCfg = Debug|Any CPU
		{993CA5C3-79EE-4DE4-9102-4C994F565B65}.Debug|Any CPU.Build.0 = Debug|Any CPU
		{993CA5C3-79EE-4DE4-9102-4C994F565B65}.Release|Any CPU.ActiveCfg = Release|Any CPU
		{993CA5C3-79EE-4DE4-9102-4C994F565B65}.Release|Any CPU.Build.0 = Release|Any CPU
	EndGlobalSection
	GlobalSection(SolutionProperties) = preSolution
		HideSolutionNode = FALSE
	EndGlobalSection
	GlobalSection(ExtensibilityGlobals) = postSolution
		SolutionGuid = {22FCC476-38F1-4F71-A4D1-721A4E7A1C86}
	EndGlobalSection
EndGlobal
